
Microsoft Visual Studio Solution File, Format Version 12.00
# Visual Studio Version 16
VisualStudioVersion = 16.0.28621.142
MinimumVisualStudioVersion = 10.0.40219.1
Project("{9A19103F-16F7-4668-BE54-9A1E7A4F7556}") = "Ecd2Pem", "Ecd2Pem\Ecd2Pem.csproj", "{F0A90C75-360C-45AC-9C55-2153D8274396}"
EndProject
Project("{9A19103F-16F7-4668-BE54-9A1E7A4F7556}") = "Ecd2Pem.Test", "Ecd2Pem.Test\Ecd2Pem.Test.csproj", "{D6E6F181-2F92-400D-8457-1B849453E541}"
EndProject
Global
	GlobalSection(SolutionConfigurationPlatforms) = preSolution
		Debug|Any CPU = Debug|Any CPU
		Release|Any CPU = Release|Any CPU
	EndGlobalSection
	GlobalSection(ProjectConfigurationPlatforms) = postSolution
		{F0A90C75-360C-45AC-9C55-2153D8274396}.Debug|Any CPU.ActiveCfg = Debug|Any CPU
		{F0A90C75-360C-45AC-9C55-2153D8274396}.Debug|Any CPU.Build.0 = Debug|Any CPU
		{F0A90C75-360C-45AC-9C55-2153D8274396}.Release|Any CPU.ActiveCfg = Release|Any CPU
		{F0A90C75-360C-45AC-9C55-2153D8274396}.Release|Any CPU.Build.0 = Release|Any CPU
		{D6E6F181-2F92-400D-8457-1B849453E541}.Debug|Any CPU.ActiveCfg = Debug|Any CPU
		{D6E6F181-2F92-400D-8457-1B849453E541}.Debug|Any CPU.Build.0 = Debug|Any CPU
		{D6E6F181-2F92-400D-8457-1B849453E541}.Release|Any CPU.ActiveCfg = Release|Any CPU
		{D6E6F181-2F92-400D-8457-1B849453E541}.Release|Any CPU.Build.0 = Release|Any CPU
	EndGlobalSection
	GlobalSection(SolutionProperties) = preSolution
		HideSolutionNode = FALSE
	EndGlobalSection
	GlobalSection(ExtensibilityGlobals) = postSolution
		SolutionGuid = {219793A0-5B47-44DB-B22E-3C364E0C9470}
	EndGlobalSection
EndGlobal
